
Microsoft Visual Studio Solution File, Format Version 12.00
# Visual Studio 15
VisualStudioVersion = 15.0.28307.271
MinimumVisualStudioVersion = 10.0.40219.1
Project("{FAE04EC0-301F-11D3-BF4B-00C04F79EFBC}") = "BDCourse_project", "BDCourse_project\BDCourse_project.csproj", "{D70CF949-DE78-4E14-84F0-D17610F35662}"
EndProject
Project("{FAE04EC0-301F-11D3-BF4B-00C04F79EFBC}") = "Reposytories", "Reposytories\Reposytories.csproj", "{9CCE2EFD-873A-481F-8E52-39C001B957D2}"
EndProject
Project("{FAE04EC0-301F-11D3-BF4B-00C04F79EFBC}") = "Models", "Models\Models.csproj", "{C1442050-6F9C-44D6-A3CA-D05C1408E235}"
EndProject
Global
	GlobalSection(SolutionConfigurationPlatforms) = preSolution
		Debug|Any CPU = Debug|Any CPU
		Release|Any CPU = Release|Any CPU
	EndGlobalSection
	GlobalSection(ProjectConfigurationPlatforms) = postSolution
		{D70CF949-DE78-4E14-84F0-D17610F35662}.Debug|Any CPU.ActiveCfg = Debug|Any CPU
		{D70CF949-DE78-4E14-84F0-D17610F35662}.Debug|Any CPU.Build.0 = Debug|Any CPU
		{D70CF949-DE78-4E14-84F0-D17610F35662}.Release|Any CPU.ActiveCfg = Release|Any CPU
		{D70CF949-DE78-4E14-84F0-D17610F35662}.Release|Any CPU.Build.0 = Release|Any CPU
		{9CCE2EFD-873A-481F-8E52-39C001B957D2}.Debug|Any CPU.ActiveCfg = Debug|Any CPU
		{9CCE2EFD-873A-481F-8E52-39C001B957D2}.Debug|Any CPU.Build.0 = Debug|Any CPU
		{9CCE2EFD-873A-481F-8E52-39C001B957D2}.Release|Any CPU.ActiveCfg = Release|Any CPU
		{9CCE2EFD-873A-481F-8E52-39C001B957D2}.Release|Any CPU.Build.0 = Release|Any CPU
		{C1442050-6F9C-44D6-A3CA-D05C1408E235}.Debug|Any CPU.ActiveCfg = Debug|Any CPU
		{C1442050-6F9C-44D6-A3CA-D05C1408E235}.Debug|Any CPU.Build.0 = Debug|Any CPU
		{C1442050-6F9C-44D6-A3CA-D05C1408E235}.Release|Any CPU.ActiveCfg = Release|Any CPU
		{C1442050-6F9C-44D6-A3CA-D05C1408E235}.Release|Any CPU.Build.0 = Release|Any CPU
	EndGlobalSection
	GlobalSection(SolutionProperties) = preSolution
		HideSolutionNode = FALSE
	EndGlobalSection
	GlobalSection(ExtensibilityGlobals) = postSolution
		SolutionGuid = {EBA753F3-88B8-4E1A-870B-1D73F64033CF}
	EndGlobalSection
EndGlobal
